
Microsoft Visual Studio Solution File, Format Version 11.00
# Visual Studio 2010
Project("{FAE04EC0-301F-11D3-BF4B-00C04F79EFBC}") = "TemplateEditing", "TemplateEditing\TemplateEditing.csproj", "{D513E40E-4460-42DD-BE85-CDA323AF45E2}"
EndProject
Global
	GlobalSection(TeamFoundationVersionControl) = preSolution
		SccNumberOfProjects = 2
		SccEnterpriseProvider = {4CA58AB2-18FA-4F8D-95D4-32DDF27D184C}
		SccTeamFoundationServer = http://tfs:8080/tfs/defaultcollection
		SccLocalPath0 = .
		SccProjectUniqueName1 = TemplateEditing\\TemplateEditing.csproj
		SccProjectName1 = TemplateEditing
		SccLocalPath1 = TemplateEditing
	EndGlobalSection
	GlobalSection(SolutionConfigurationPlatforms) = preSolution
		Debug|Any CPU = Debug|Any CPU
		Release|Any CPU = Release|Any CPU
	EndGlobalSection
	GlobalSection(ProjectConfigurationPlatforms) = postSolution
		{D513E40E-4460-42DD-BE85-CDA323AF45E2}.Debug|Any CPU.ActiveCfg = Debug|Any CPU
		{D513E40E-4460-42DD-BE85-CDA323AF45E2}.Debug|Any CPU.Build.0 = Debug|Any CPU
		{D513E40E-4460-42DD-BE85-CDA323AF45E2}.Release|Any CPU.ActiveCfg = Release|Any CPU
		{D513E40E-4460-42DD-BE85-CDA323AF45E2}.Release|Any CPU.Build.0 = Release|Any CPU
	EndGlobalSection
	GlobalSection(SolutionProperties) = preSolution
		HideSolutionNode = FALSE
	EndGlobalSection
EndGlobal
